// !$*UTF8*$!
{
	archiveVersion = 1;
	classes = {
	};
	objectVersion = 56;
	objects = {

/* Begin PBXBuildFile section */
		33468EFB2C806C290032B709 /* BiometricAuthAppApp.swift in Sources */ = {isa = PBXBuildFile; fileRef = 33468EFA2C806C290032B709 /* BiometricAuthAppApp.swift */; };
		33468EFD2C806C290032B709 /* ContentView.swift in Sources */ = {isa = PBXBuildFile; fileRef = 33468EFC2C806C290032B709 /* ContentView.swift */; };
		33468EFF2C806C2B0032B709 /* Assets.xcassets in Resources */ = {isa = PBXBuildFile; fileRef = 33468EFE2C806C2B0032B709 /* Assets.xcassets */; };
		33468F022C806C2B0032B709 /* Preview Assets.xcassets in Resources */ = {isa = PBXBuildFile; fileRef = 33468F012C806C2B0032B709 /* Preview Assets.xcassets */; };
		33468F0C2C806C2B0032B709 /* BiometricAuthAppTests.swift in Sources */ = {isa = PBXBuildFile; fileRef = 33468F0B2C806C2B0032B709 /* BiometricAuthAppTests.swift */; };
		33468F162C806C2C0032B709 /* BiometricAuthAppUITests.swift in Sources */ = {isa = PBXBuildFile; fileRef = 33468F152C806C2C0032B709 /* BiometricAuthAppUITests.swift */; };
		33468F182C806C2C0032B709 /* BiometricAuthAppUITestsLaunchTests.swift in Sources */ = {isa = PBXBuildFile; fileRef = 33468F172C806C2C0032B709 /* BiometricAuthAppUITestsLaunchTests.swift */; };
		33468F252C806C540032B709 /* AuthenticationViewModel.swift in Sources */ = {isa = PBXBuildFile; fileRef = 33468F242C806C540032B709 /* AuthenticationViewModel.swift */; };
/* End PBXBuildFile section */

/* Begin PBXContainerItemProxy section */
		33468F082C806C2B0032B709 /* PBXContainerItemProxy */ = {
			isa = PBXContainerItemProxy;
			containerPortal = 33468EEF2C806C290032B709 /* Project object */;
			proxyType = 1;
			remoteGlobalIDString = 33468EF62C806C290032B709;
			remoteInfo = BiometricAuthApp;
		};
		33468F122C806C2C0032B709 /* PBXContainerItemProxy */ = {
			isa = PBXContainerItemProxy;
			containerPortal = 33468EEF2C806C290032B709 /* Project object */;
			proxyType = 1;
			remoteGlobalIDString = 33468EF62C806C290032B709;
			remoteInfo = BiometricAuthApp;
		};
/* End PBXContainerItemProxy section */

/* Begin PBXFileReference section */
		33468EF72C806C290032B709 /* BiometricAuthApp.app */ = {isa = PBXFileReference; explicitFileType = wrapper.application; includeInIndex = 0; path = BiometricAuthApp.app; sourceTree = BUILT_PRODUCTS_DIR; };
		33468EFA2C806C290032B709 /* BiometricAuthAppApp.swift */ = {isa = PBXFileReference; lastKnownFileType = sourcecode.swift; path = BiometricAuthAppApp.swift; sourceTree = "<group>"; };
		33468EFC2C806C290032B709 /* ContentView.swift */ = {isa = PBXFileReference; lastKnownFileType = sourcecode.swift; path = ContentView.swift; sourceTree = "<group>"; };
		33468EFE2C806C2B0032B709 /* Assets.xcassets */ = {isa = PBXFileReference; lastKnownFileType = folder.assetcatalog; path = Assets.xcassets; sourceTree = "<group>"; };
		33468F012C806C2B0032B709 /* Preview Assets.xcassets */ = {isa = PBXFileReference; lastKnownFileType = folder.assetcatalog; path = "Preview Assets.xcassets"; sourceTree = "<group>"; };
		33468F072C806C2B0032B709 /* BiometricAuthAppTests.xctest */ = {isa = PBXFileReference; explicitFileType = wrapper.cfbundle; includeInIndex = 0; path = BiometricAuthAppTests.xctest; sourceTree = BUILT_PRODUCTS_DIR; };
		33468F0B2C806C2B0032B709 /* BiometricAuthAppTests.swift */ = {isa = PBXFileReference; lastKnownFileType = sourcecode.swift; path = BiometricAuthAppTests.swift; sourceTree = "<group>"; };
		33468F112C806C2C0032B709 /* BiometricAuthAppUITests.xctest */ = {isa = PBXFileReference; explicitFileType = wrapper.cfbundle; includeInIndex = 0; path = BiometricAuthAppUITests.xctest; sourceTree = BUILT_PRODUCTS_DIR; };
		33468F152C806C2C0032B709 /* BiometricAuthAppUITests.swift */ = {isa = PBXFileReference; lastKnownFileType = sourcecode.swift; path = BiometricAuthAppUITests.swift; sourceTree = "<group>"; };
		33468F172C806C2C0032B709 /* BiometricAuthAppUITestsLaunchTests.swift */ = {isa = PBXFileReference; lastKnownFileType = sourcecode.swift; path = BiometricAuthAppUITestsLaunchTests.swift; sourceTree = "<group>"; };
		33468F242C806C540032B709 /* AuthenticationViewModel.swift */ = {isa = PBXFileReference; lastKnownFileType = sourcecode.swift; path = AuthenticationViewModel.swift; sourceTree = "<group>"; };
/* End PBXFileReference section */

/* Begin PBXFrameworksBuildPhase section */
		33468EF42C806C290032B709 /* Frameworks */ = {
			isa = PBXFrameworksBuildPhase;
			buildActionMask = 2147483647;
			files = (
			);
			runOnlyForDeploymentPostprocessing = 0;
		};
		33468F042C806C2B0032B709 /* Frameworks */ = {
			isa = PBXFrameworksBuildPhase;
			buildActionMask = 2147483647;
			files = (
			);
			runOnlyForDeploymentPostprocessing = 0;
		};
		33468F0E2C806C2C0032B709 /* Frameworks */ = {
			isa = PBXFrameworksBuildPhase;
			buildActionMask = 2147483647;
			files = (
			);
			runOnlyForDeploymentPostprocessing = 0;
		};
/* End PBXFrameworksBuildPhase section */

/* Begin PBXGroup section */
		33468EEE2C806C290032B709 = {
			isa = PBXGroup;
			children = (
				33468EF92C806C290032B709 /* BiometricAuthApp */,
				33468F0A2C806C2B0032B709 /* BiometricAuthAppTests */,
				33468F142C806C2C0032B709 /* BiometricAuthAppUITests */,
				33468EF82C806C290032B709 /* Products */,
			);
			sourceTree = "<group>";
		};
		33468EF82C806C290032B709 /* Products */ = {
			isa = PBXGroup;
			children = (
				33468EF72C806C290032B709 /* BiometricAuthApp.app */,
				33468F072C806C2B0032B709 /* BiometricAuthAppTests.xctest */,
				33468F112C806C2C0032B709 /* BiometricAuthAppUITests.xctest */,
			);
			name = Products;
			sourceTree = "<group>";
		};
		33468EF92C806C290032B709 /* BiometricAuthApp */ = {
			isa = PBXGroup;
			children = (
				33468EFA2C806C290032B709 /* BiometricAuthAppApp.swift */,
				33468EFC2C806C290032B709 /* ContentView.swift */,
				33468EFE2C806C2B0032B709 /* Assets.xcassets */,
				33468F002C806C2B0032B709 /* Preview Content */,
				33468F242C806C540032B709 /* AuthenticationViewModel.swift */,
			);
			path = BiometricAuthApp;
			sourceTree = "<group>";
		};
		33468F002C806C2B0032B709 /* Preview Content */ = {
			isa = PBXGroup;
			children = (
				33468F012C806C2B0032B709 /* Preview Assets.xcassets */,
			);
			path = "Preview Content";
			sourceTree = "<group>";
		};
		33468F0A2C806C2B0032B709 /* BiometricAuthAppTests */ = {
			isa = PBXGroup;
			children = (
				33468F0B2C806C2B0032B709 /* BiometricAuthAppTests.swift */,
			);
			path = BiometricAuthAppTests;
			sourceTree = "<group>";
		};
		33468F142C806C2C0032B709 /* BiometricAuthAppUITests */ = {
			isa = PBXGroup;
			children = (
				33468F152C806C2C0032B709 /* BiometricAuthAppUITests.swift */,
				33468F172C806C2C0032B709 /* BiometricAuthAppUITestsLaunchTests.swift */,
			);
			path = BiometricAuthAppUITests;
			sourceTree = "<group>";
		};
/* End PBXGroup section */

/* Begin PBXNativeTarget section */
		33468EF62C806C290032B709 /* BiometricAuthApp */ = {
			isa = PBXNativeTarget;
			buildConfigurationList = 33468F1B2C806C2C0032B709 /* Build configuration list for PBXNativeTarget "BiometricAuthApp" */;
			buildPhases = (
				33468EF32C806C290032B709 /* Sources */,
				33468EF42C806C290032B709 /* Frameworks */,
				33468EF52C806C290032B709 /* Resources */,
			);
			buildRules = (
			);
			dependencies = (
			);
			name = BiometricAuthApp;
			productName = BiometricAuthApp;
			productReference = 33468EF72C806C290032B709 /* BiometricAuthApp.app */;
			productType = "com.apple.product-type.application";
		};
		33468F062C806C2B0032B709 /* BiometricAuthAppTests */ = {
			isa = PBXNativeTarget;
			buildConfigurationList = 33468F1E2C806C2C0032B709 /* Build configuration list for PBXNativeTarget "BiometricAuthAppTests" */;
			buildPhases = (
				33468F032C806C2B0032B709 /* Sources */,
				33468F042C806C2B0032B709 /* Frameworks */,
				33468F052C806C2B0032B709 /* Resources */,
			);
			buildRules = (
			);
			dependencies = (
				33468F092C806C2B0032B709 /* PBXTargetDependency */,
			);
			name = BiometricAuthAppTests;
			productName = BiometricAuthAppTests;
			productReference = 33468F072C806C2B0032B709 /* BiometricAuthAppTests.xctest */;
			productType = "com.apple.product-type.bundle.unit-test";
		};
		33468F102C806C2C0032B709 /* BiometricAuthAppUITests */ = {
			isa = PBXNativeTarget;
			buildConfigurationList = 33468F212C806C2C0032B709 /* Build configuration list for PBXNativeTarget "BiometricAuthAppUITests" */;
			buildPhases = (
				33468F0D2C806C2C0032B709 /* Sources */,
				33468F0E2C806C2C0032B709 /* Frameworks */,
				33468F0F2C806C2C0032B709 /* Resources */,
			);
			buildRules = (
			);
			dependencies = (
				33468F132C806C2C0032B709 /* PBXTargetDependency */,
			);
			name = BiometricAuthAppUITests;
			productName = BiometricAuthAppUITests;
			productReference = 33468F112C806C2C0032B709 /* BiometricAuthAppUITests.xctest */;
			productType = "com.apple.product-type.bundle.ui-testing";
		};
/* End PBXNativeTarget section */

/* Begin PBXProject section */
		33468EEF2C806C290032B709 /* Project object */ = {
			isa = PBXProject;
			attributes = {
				BuildIndependentTargetsInParallel = 1;
				LastSwiftUpdateCheck = 1510;
				LastUpgradeCheck = 1510;
				TargetAttributes = {
					33468EF62C806C290032B709 = {
						CreatedOnToolsVersion = 15.1;
					};
					33468F062C806C2B0032B709 = {
						CreatedOnToolsVersion = 15.1;
						TestTargetID = 33468EF62C806C290032B709;
					};
					33468F102C806C2C0032B709 = {
						CreatedOnToolsVersion = 15.1;
						TestTargetID = 33468EF62C806C290032B709;
					};
				};
			};
			buildConfigurationList = 33468EF22C806C290032B709 /* Build configuration list for PBXProject "BiometricAuthApp" */;
			compatibilityVersion = "Xcode 14.0";
			developmentRegion = en;
			hasScannedForEncodings = 0;
			knownRegions = (
				en,
				Base,
			);
			mainGroup = 33468EEE2C806C290032B709;
			productRefGroup = 33468EF82C806C290032B709 /* Products */;
			projectDirPath = "";
			projectRoot = "";
			targets = (
				33468EF62C806C290032B709 /* BiometricAuthApp */,
				33468F062C806C2B0032B709 /* BiometricAuthAppTests */,
				33468F102C806C2C0032B709 /* BiometricAuthAppUITests */,
			);
		};
/* End PBXProject section */

/* Begin PBXResourcesBuildPhase section */
		33468EF52C806C290032B709 /* Resources */ = {
			isa = PBXResourcesBuildPhase;
			buildActionMask = 2147483647;
			files = (
				33468F022C806C2B0032B709 /* Preview Assets.xcassets in Resources */,
				33468EFF2C806C2B0032B709 /* Assets.xcassets in Resources */,
			);
			runOnlyForDeploymentPostprocessing = 0;
		};
		33468F052C806C2B0032B709 /* Resources */ = {
			isa = PBXResourcesBuildPhase;
			buildActionMask = 2147483647;
			files = (
			);
			runOnlyForDeploymentPostprocessing = 0;
		};
		33468F0F2C806C2C0032B709 /* Resources */ = {
			isa = PBXResourcesBuildPhase;
			buildActionMask = 2147483647;
			files = (
			);
			runOnlyForDeploymentPostprocessing = 0;
		};
/* End PBXResourcesBuildPhase section */

/* Begin PBXSourcesBuildPhase section */
		33468EF32C806C290032B709 /* Sources */ = {
			isa = PBXSourcesBuildPhase;
			buildActionMask = 2147483647;
			files = (
				33468F252C806C540032B709 /* AuthenticationViewModel.swift in Sources */,
				33468EFD2C806C290032B709 /* ContentView.swift in Sources */,
				33468EFB2C806C290032B709 /* BiometricAuthAppApp.swift in Sources */,
			);
			runOnlyForDeploymentPostprocessing = 0;
		};
		33468F032C806C2B0032B709 /* Sources */ = {
			isa = PBXSourcesBuildPhase;
			buildActionMask = 2147483647;
			files = (
				33468F0C2C806C2B0032B709 /* BiometricAuthAppTests.swift in Sources */,
			);
			runOnlyForDeploymentPostprocessing = 0;
		};
		33468F0D2C806C2C0032B709 /* Sources */ = {
			isa = PBXSourcesBuildPhase;
			buildActionMask = 2147483647;
			files = (
				33468F162C806C2C0032B709 /* BiometricAuthAppUITests.swift in Sources */,
				33468F182C806C2C0032B709 /* BiometricAuthAppUITestsLaunchTests.swift in Sources */,
			);
			runOnlyForDeploymentPostprocessing = 0;
		};
/* End PBXSourcesBuildPhase section */

/* Begin PBXTargetDependency section */
		33468F092C806C2B0032B709 /* PBXTargetDependency */ = {
			isa = PBXTargetDependency;
			target = 33468EF62C806C290032B709 /* BiometricAuthApp */;
			targetProxy = 33468F082C806C2B0032B709 /* PBXContainerItemProxy */;
		};
		33468F132C806C2C0032B709 /* PBXTargetDependency */ = {
			isa = PBXTargetDependency;
			target = 33468EF62C806C290032B709 /* BiometricAuthApp */;
			targetProxy = 33468F122C806C2C0032B709 /* PBXContainerItemProxy */;
		};
/* End PBXTargetDependency section */

/* Begin XCBuildConfiguration section */
		33468F192C806C2C0032B709 /* Debug */ = {
			isa = XCBuildConfiguration;
			buildSettings = {
				ALWAYS_SEARCH_USER_PATHS = NO;
				ASSETCATALOG_COMPILER_GENERATE_SWIFT_ASSET_SYMBOL_EXTENSIONS = YES;
				CLANG_ANALYZER_NONNULL = YES;
				CLANG_ANALYZER_NUMBER_OBJECT_CONVERSION = YES_AGGRESSIVE;
				CLANG_CXX_LANGUAGE_STANDARD = "gnu++20";
				CLANG_ENABLE_MODULES = YES;
				CLANG_ENABLE_OBJC_ARC = YES;
				CLANG_ENABLE_OBJC_WEAK = YES;
				CLANG_WARN_BLOCK_CAPTURE_AUTORELEASING = YES;
				CLANG_WARN_BOOL_CONVERSION = YES;
				CLANG_WARN_COMMA = YES;
				CLANG_WARN_CONSTANT_CONVERSION = YES;
				CLANG_WARN_DEPRECATED_OBJC_IMPLEMENTATIONS = YES;
				CLANG_WARN_DIRECT_OBJC_ISA_USAGE = YES_ERROR;
				CLANG_WARN_DOCUMENTATION_COMMENTS = YES;
				CLANG_WARN_EMPTY_BODY = YES;
				CLANG_WARN_ENUM_CONVERSION = YES;
				CLANG_WARN_INFINITE_RECURSION = YES;
				CLANG_WARN_INT_CONVERSION = YES;
				CLANG_WARN_NON_LITERAL_NULL_CONVERSION = YES;
				CLANG_WARN_OBJC_IMPLICIT_RETAIN_SELF = YES;
				CLANG_WARN_OBJC_LITERAL_CONVERSION = YES;
				CLANG_WARN_OBJC_ROOT_CLASS = YES_ERROR;
				CLANG_WARN_QUOTED_INCLUDE_IN_FRAMEWORK_HEADER = YES;
				CLANG_WARN_RANGE_LOOP_ANALYSIS = YES;
				CLANG_WARN_STRICT_PROTOTYPES = YES;
				CLANG_WARN_SUSPICIOUS_MOVE = YES;
				CLANG_WARN_UNGUARDED_AVAILABILITY = YES_AGGRESSIVE;
				CLANG_WARN_UNREACHABLE_CODE = YES;
				CLANG_WARN__DUPLICATE_METHOD_MATCH = YES;
				COPY_PHASE_STRIP = NO;
				DEBUG_INFORMATION_FORMAT = dwarf;
				ENABLE_STRICT_OBJC_MSGSEND = YES;
				ENABLE_TESTABILITY = YES;
				ENABLE_USER_SCRIPT_SANDBOXING = YES;
				GCC_C_LANGUAGE_STANDARD = gnu17;
				GCC_DYNAMIC_NO_PIC = NO;
				GCC_NO_COMMON_BLOCKS = YES;
				GCC_OPTIMIZATION_LEVEL = 0;
				GCC_PREPROCESSOR_DEFINITIONS = (
					"DEBUG=1",
					"$(inherited)",
				);
				GCC_WARN_64_TO_32_BIT_CONVERSION = YES;
				GCC_WARN_ABOUT_RETURN_TYPE = YES_ERROR;
				GCC_WARN_UNDECLARED_SELECTOR = YES;
				GCC_WARN_UNINITIALIZED_AUTOS = YES_AGGRESSIVE;
				GCC_WARN_UNUSED_FUNCTION = YES;
				GCC_WARN_UNUSED_VARIABLE = YES;
				IPHONEOS_DEPLOYMENT_TARGET = 17.2;
				LOCALIZATION_PREFERS_STRING_CATALOGS = YES;
				MTL_ENABLE_DEBUG_INFO = INCLUDE_SOURCE;
				MTL_FAST_MATH = YES;
				ONLY_ACTIVE_ARCH = YES;
				SDKROOT = iphoneos;
				SWIFT_ACTIVE_COMPILATION_CONDITIONS = "DEBUG $(inherited)";
				SWIFT_OPTIMIZATION_LEVEL = "-Onone";
			};
			name = Debug;
		};
		33468F1A2C806C2C0032B709 /* Release */ = {
			isa = XCBuildConfiguration;
			buildSettings = {
				ALWAYS_SEARCH_USER_PATHS = NO;
				ASSETCATALOG_COMPILER_GENERATE_SWIFT_ASSET_SYMBOL_EXTENSIONS = YES;
				CLANG_ANALYZER_NONNULL = YES;
				CLANG_ANALYZER_NUMBER_OBJECT_CONVERSION = YES_AGGRESSIVE;
				CLANG_CXX_LANGUAGE_STANDARD = "gnu++20";
				CLANG_ENABLE_MODULES = YES;
				CLANG_ENABLE_OBJC_ARC = YES;
				CLANG_ENABLE_OBJC_WEAK = YES;
				CLANG_WARN_BLOCK_CAPTURE_AUTORELEASING = YES;
				CLANG_WARN_BOOL_CONVERSION = YES;
				CLANG_WARN_COMMA = YES;
				CLANG_WARN_CONSTANT_CONVERSION = YES;
				CLANG_WARN_DEPRECATED_OBJC_IMPLEMENTATIONS = YES;
				CLANG_WARN_DIRECT_OBJC_ISA_USAGE = YES_ERROR;
				CLANG_WARN_DOCUMENTATION_COMMENTS = YES;
				CLANG_WARN_EMPTY_BODY = YES;
				CLANG_WARN_ENUM_CONVERSION = YES;
				CLANG_WARN_INFINITE_RECURSION = YES;
				CLANG_WARN_INT_CONVERSION = YES;
				CLANG_WARN_NON_LITERAL_NULL_CONVERSION = YES;
				CLANG_WARN_OBJC_IMPLICIT_RETAIN_SELF = YES;
				CLANG_WARN_OBJC_LITERAL_CONVERSION = YES;
				CLANG_WARN_OBJC_ROOT_CLASS = YES_ERROR;
				CLANG_WARN_QUOTED_INCLUDE_IN_FRAMEWORK_HEADER = YES;
				CLANG_WARN_RANGE_LOOP_ANALYSIS = YES;
				CLANG_WARN_STRICT_PROTOTYPES = YES;
				CLANG_WARN_SUSPICIOUS_MOVE = YES;
				CLANG_WARN_UNGUARDED_AVAILABILITY = YES_AGGRESSIVE;
				CLANG_WARN_UNREACHABLE_CODE = YES;
				CLANG_WARN__DUPLICATE_METHOD_MATCH = YES;
				COPY_PHASE_STRIP = NO;
				DEBUG_INFORMATION_FORMAT = "dwarf-with-dsym";
				ENABLE_NS_ASSERTIONS = NO;
				ENABLE_STRICT_OBJC_MSGSEND = YES;
				ENABLE_USER_SCRIPT_SANDBOXING = YES;
				GCC_C_LANGUAGE_STANDARD = gnu17;
				GCC_NO_COMMON_BLOCKS = YES;
				GCC_WARN_64_TO_32_BIT_CONVERSION = YES;
				GCC_WARN_ABOUT_RETURN_TYPE = YES_ERROR;
				GCC_WARN_UNDECLARED_SELECTOR = YES;
				GCC_WARN_UNINITIALIZED_AUTOS = YES_AGGRESSIVE;
				GCC_WARN_UNUSED_FUNCTION = YES;
				GCC_WARN_UNUSED_VARIABLE = YES;
				IPHONEOS_DEPLOYMENT_TARGET = 17.2;
				LOCALIZATION_PREFERS_STRING_CATALOGS = YES;
				MTL_ENABLE_DEBUG_INFO = NO;
				MTL_FAST_MATH = YES;
				SDKROOT = iphoneos;
				SWIFT_COMPILATION_MODE = wholemodule;
				VALIDATE_PRODUCT = YES;
			};
			name = Release;
		};
		33468F1C2C806C2C0032B709 /* Debug */ = {
			isa = XCBuildConfiguration;
			buildSettings = {
				ASSETCATALOG_COMPILER_APPICON_NAME = AppIcon;
				ASSETCATALOG_COMPILER_GLOBAL_ACCENT_COLOR_NAME = AccentColor;
				CODE_SIGN_STYLE = Automatic;
				CURRENT_PROJECT_VERSION = 1;
				DEVELOPMENT_ASSET_PATHS = "\"BiometricAuthApp/Preview Content\"";
				ENABLE_PREVIEWS = YES;
				GENERATE_INFOPLIST_FILE = YES;
				INFOPLIST_KEY_UIApplicationSceneManifest_Generation = YES;
				INFOPLIST_KEY_UIApplicationSupportsIndirectInputEvents = YES;
				INFOPLIST_KEY_UILaunchScreen_Generation = YES;
				INFOPLIST_KEY_UISupportedInterfaceOrientations_iPad = "UIInterfaceOrientationPortrait UIInterfaceOrientationPortraitUpsideDown UIInterfaceOrientationLandscapeLeft UIInterfaceOrientationLandscapeRight";
				INFOPLIST_KEY_UISupportedInterfaceOrientations_iPhone = "UIInterfaceOrientationPortrait UIInterfaceOrientationLandscapeLeft UIInterfaceOrientationLandscapeRight";
				LD_RUNPATH_SEARCH_PATHS = (
					"$(inherited)",
					"@executable_path/Frameworks",
				);
				MARKETING_VERSION = 1.0;
				PRODUCT_BUNDLE_IDENTIFIER = com.ArunaUdayanga.BiometricAuthApp;
				PRODUCT_NAME = "$(TARGET_NAME)";
				SWIFT_EMIT_LOC_STRINGS = YES;
				SWIFT_VERSION = 5.0;
				TARGETED_DEVICE_FAMILY = "1,2";
			};
			name = Debug;
		};
		33468F1D2C806C2C0032B709 /* Release */ = {
			isa = XCBuildConfiguration;
			buildSettings = {
				ASSETCATALOG_COMPILER_APPICON_NAME = AppIcon;
				ASSETCATALOG_COMPILER_GLOBAL_ACCENT_COLOR_NAME = AccentColor;
				CODE_SIGN_STYLE = Automatic;
				CURRENT_PROJECT_VERSION = 1;
				DEVELOPMENT_ASSET_PATHS = "\"BiometricAuthApp/Preview Content\"";
				ENABLE_PREVIEWS = YES;
				GENERATE_INFOPLIST_FILE = YES;
				INFOPLIST_KEY_UIApplicationSceneManifest_Generation = YES;
				INFOPLIST_KEY_UIApplicationSupportsIndirectInputEvents = YES;
				INFOPLIST_KEY_UILaunchScreen_Generation = YES;
				INFOPLIST_KEY_UISupportedInterfaceOrientations_iPad = "UIInterfaceOrientationPortrait UIInterfaceOrientationPortraitUpsideDown UIInterfaceOrientationLandscapeLeft UIInterfaceOrientationLandscapeRight";
				INFOPLIST_KEY_UISupportedInterfaceOrientations_iPhone = "UIInterfaceOrientationPortrait UIInterfaceOrientationLandscapeLeft UIInterfaceOrientationLandscapeRight";
				LD_RUNPATH_SEARCH_PATHS = (
					"$(inherited)",
					"@executable_path/Frameworks",
				);
				MARKETING_VERSION = 1.0;
				PRODUCT_BUNDLE_IDENTIFIER = com.ArunaUdayanga.BiometricAuthApp;
				PRODUCT_NAME = "$(TARGET_NAME)";
				SWIFT_EMIT_LOC_STRINGS = YES;
				SWIFT_VERSION = 5.0;
				TARGETED_DEVICE_FAMILY = "1,2";
			};
			name = Release;
		};
		33468F1F2C806C2C0032B709 /* Debug */ = {
			isa = XCBuildConfiguration;
			buildSettings = {
				ALWAYS_EMBED_SWIFT_STANDARD_LIBRARIES = YES;
				BUNDLE_LOADER = "$(TEST_HOST)";
				CODE_SIGN_STYLE = Automatic;
				CURRENT_PROJECT_VERSION = 1;
				GENERATE_INFOPLIST_FILE = YES;
				IPHONEOS_DEPLOYMENT_TARGET = 17.2;
				MARKETING_VERSION = 1.0;
				PRODUCT_BUNDLE_IDENTIFIER = com.ArunaUdayanga.BiometricAuthAppTests;
				PRODUCT_NAME = "$(TARGET_NAME)";
				SWIFT_EMIT_LOC_STRINGS = NO;
				SWIFT_VERSION = 5.0;
				TARGETED_DEVICE_FAMILY = "1,2";
				TEST_HOST = "$(BUILT_PRODUCTS_DIR)/BiometricAuthApp.app/$(BUNDLE_EXECUTABLE_FOLDER_PATH)/BiometricAuthApp";
			};
			name = Debug;
		};
		33468F202C806C2C0032B709 /* Release */ = {
			isa = XCBuildConfiguration;
			buildSettings = {
				ALWAYS_EMBED_SWIFT_STANDARD_LIBRARIES = YES;
				BUNDLE_LOADER = "$(TEST_HOST)";
				CODE_SIGN_STYLE = Automatic;
				CURRENT_PROJECT_VERSION = 1;
				GENERATE_INFOPLIST_FILE = YES;
				IPHONEOS_DEPLOYMENT_TARGET = 17.2;
				MARKETING_VERSION = 1.0;
				PRODUCT_BUNDLE_IDENTIFIER = com.ArunaUdayanga.BiometricAuthAppTests;
				PRODUCT_NAME = "$(TARGET_NAME)";
				SWIFT_EMIT_LOC_STRINGS = NO;
				SWIFT_VERSION = 5.0;
				TARGETED_DEVICE_FAMILY = "1,2";
				TEST_HOST = "$(BUILT_PRODUCTS_DIR)/BiometricAuthApp.app/$(BUNDLE_EXECUTABLE_FOLDER_PATH)/BiometricAuthApp";
			};
			name = Release;
		};
		33468F222C806C2C0032B709 /* Debug */ = {
			isa = XCBuildConfiguration;
			buildSettings = {
				ALWAYS_EMBED_SWIFT_STANDARD_LIBRARIES = YES;
				CODE_SIGN_STYLE = Automatic;
				CURRENT_PROJECT_VERSION = 1;
				GENERATE_INFOPLIST_FILE = YES;
				MARKETING_VERSION = 1.0;
				PRODUCT_BUNDLE_IDENTIFIER = com.ArunaUdayanga.BiometricAuthAppUITests;
				PRODUCT_NAME = "$(TARGET_NAME)";
				SWIFT_EMIT_LOC_STRINGS = NO;
				SWIFT_VERSION = 5.0;
				TARGETED_DEVICE_FAMILY = "1,2";
				TEST_TARGET_NAME = BiometricAuthApp;
			};
			name = Debug;
		};
		33468F232C806C2C0032B709 /* Release */ = {
			isa = XCBuildConfiguration;
			buildSettings = {
				ALWAYS_EMBED_SWIFT_STANDARD_LIBRARIES = YES;
				CODE_SIGN_STYLE = Automatic;
				CURRENT_PROJECT_VERSION = 1;
				GENERATE_INFOPLIST_FILE = YES;
				MARKETING_VERSION = 1.0;
				PRODUCT_BUNDLE_IDENTIFIER = com.ArunaUdayanga.BiometricAuthAppUITests;
				PRODUCT_NAME = "$(TARGET_NAME)";
				SWIFT_EMIT_LOC_STRINGS = NO;
				SWIFT_VERSION = 5.0;
				TARGETED_DEVICE_FAMILY = "1,2";
				TEST_TARGET_NAME = BiometricAuthApp;
			};
			name = Release;
		};
/* End XCBuildConfiguration section */

/* Begin XCConfigurationList section */
		33468EF22C806C290032B709 /* Build configuration list for PBXProject "BiometricAuthApp" */ = {
			isa = XCConfigurationList;
			buildConfigurations = (
				33468F192C806C2C0032B709 /* Debug */,
				33468F1A2C806C2C0032B709 /* Release */,
			);
			defaultConfigurationIsVisible = 0;
			defaultConfigurationName = Release;
		};
		33468F1B2C806C2C0032B709 /* Build configuration list for PBXNativeTarget "BiometricAuthApp" */ = {
			isa = XCConfigurationList;
			buildConfigurations = (
				33468F1C2C806C2C0032B709 /* Debug */,
				33468F1D2C806C2C0032B709 /* Release */,
			);
			defaultConfigurationIsVisible = 0;
			defaultConfigurationName = Release;
		};
		33468F1E2C806C2C0032B709 /* Build configuration list for PBXNativeTarget "BiometricAuthAppTests" */ = {
			isa = XCConfigurationList;
			buildConfigurations = (
				33468F1F2C806C2C0032B709 /* Debug */,
				33468F202C806C2C0032B709 /* Release */,
			);
			defaultConfigurationIsVisible = 0;
			defaultConfigurationName = Release;
		};
		33468F212C806C2C0032B709 /* Build configuration list for PBXNativeTarget "BiometricAuthAppUITests" */ = {
			isa = XCConfigurationList;
			buildConfigurations = (
				33468F222C806C2C0032B709 /* Debug */,
				33468F232C806C2C0032B709 /* Release */,
			);
			defaultConfigurationIsVisible = 0;
			defaultConfigurationName = Release;
		};
/* End XCConfigurationList section */
	};
	rootObject = 33468EEF2C806C290032B709 /* Project object */;
}
